Microsoft Visual Studio Solution File, Format Version 12.00
# Visual Studio Version 17
VisualStudioVersion = 17.5.2.0
MinimumVisualStudioVersion = 10.0.40219.1
Project("{FAE04EC0-301F-11D3-BF4B-00C04F79EFBC}") = "HelloWorld", "HelloWorld\HelloWorld.csproj", "{3A798C92-DA22-B784-11D5-249F2DEA19E6}"
EndProject
Project("{FAE04EC0-301F-11D3-BF4B-00C04F79EFBC}") = "Temperature", "Temperature\Temperature.csproj", "{8E49E088-3887-E377-5203-3CC39445C54C}"
EndProject
Global
	GlobalSection(SolutionConfigurationPlatforms) = preSolution
		Debug|Any CPU = Debug|Any CPU
		Release|Any CPU = Release|Any CPU
	EndGlobalSection
	GlobalSection(ProjectConfigurationPlatforms) = postSolution
		{3A798C92-DA22-B784-11D5-249F2DEA19E6}.Debug|Any CPU.ActiveCfg = Debug|Any CPU
		{3A798C92-DA22-B784-11D5-249F2DEA19E6}.Debug|Any CPU.Build.0 = Debug|Any CPU
		{3A798C92-DA22-B784-11D5-249F2DEA19E6}.Release|Any CPU.ActiveCfg = Release|Any CPU
		{3A798C92-DA22-B784-11D5-249F2DEA19E6}.Release|Any CPU.Build.0 = Release|Any CPU
		{8E49E088-3887-E377-5203-3CC39445C54C}.Debug|Any CPU.ActiveCfg = Debug|Any CPU
		{8E49E088-3887-E377-5203-3CC39445C54C}.Debug|Any CPU.Build.0 = Debug|Any CPU
		{8E49E088-3887-E377-5203-3CC39445C54C}.Release|Any CPU.ActiveCfg = Release|Any CPU
		{8E49E088-3887-E377-5203-3CC39445C54C}.Release|Any CPU.Build.0 = Release|Any CPU
	EndGlobalSection
	GlobalSection(SolutionProperties) = preSolution
		HideSolutionNode = FALSE
	EndGlobalSection
	GlobalSection(ExtensibilityGlobals) = postSolution
		SolutionGuid = {0A084069-D1E9-42E1-A883-E1097352B078}
	EndGlobalSection
EndGlobal
