
Microsoft Visual Studio Solution File, Format Version 12.00
# Visual Studio Version 17
VisualStudioVersion = 17.14.35906.104 d17.14
MinimumVisualStudioVersion = 10.0.40219.1
Project("{FAE04EC0-301F-11D3-BF4B-00C04F79EFBC}") = "AvaloniaTestApplication", "AvaloniaTestApplication.csproj", "{DF1EBA7A-FB94-EAD5-A816-EA66D66E2F39}"
EndProject
Project("{FAE04EC0-301F-11D3-BF4B-00C04F79EFBC}") = "AvaloniaTestApplication.Desktop", "..\AvaloniaTestApplication.Desktop\AvaloniaTestApplication.Desktop.csproj", "{3D087EEE-D15B-7512-7A13-9971F148E004}"
EndProject
Global
	GlobalSection(SolutionConfigurationPlatforms) = preSolution
		Debug|Any CPU = Debug|Any CPU
		Release|Any CPU = Release|Any CPU
	EndGlobalSection
	GlobalSection(ProjectConfigurationPlatforms) = postSolution
		{DF1EBA7A-FB94-EAD5-A816-EA66D66E2F39}.Debug|Any CPU.ActiveCfg = Debug|Any CPU
		{DF1EBA7A-FB94-EAD5-A816-EA66D66E2F39}.Debug|Any CPU.Build.0 = Debug|Any CPU
		{DF1EBA7A-FB94-EAD5-A816-EA66D66E2F39}.Release|Any CPU.ActiveCfg = Release|Any CPU
		{DF1EBA7A-FB94-EAD5-A816-EA66D66E2F39}.Release|Any CPU.Build.0 = Release|Any CPU
		{3D087EEE-D15B-7512-7A13-9971F148E004}.Debug|Any CPU.ActiveCfg = Debug|Any CPU
		{3D087EEE-D15B-7512-7A13-9971F148E004}.Debug|Any CPU.Build.0 = Debug|Any CPU
		{3D087EEE-D15B-7512-7A13-9971F148E004}.Release|Any CPU.ActiveCfg = Release|Any CPU
		{3D087EEE-D15B-7512-7A13-9971F148E004}.Release|Any CPU.Build.0 = Release|Any CPU
	EndGlobalSection
	GlobalSection(SolutionProperties) = preSolution
		HideSolutionNode = FALSE
	EndGlobalSection
	GlobalSection(ExtensibilityGlobals) = postSolution
		SolutionGuid = {476E477C-7D3C-4D83-90DD-4C97CBB2C63A}
	EndGlobalSection
EndGlobal
